
Microsoft Visual Studio Solution File, Format Version 12.00
Project("{2150E333-8FDC-42A3-9474-1A3956D46DE8}") = "src", "src", "{0433A210-73D2-48FA-A7DA-EFD3C816BE38}"
EndProject
Project("{FAE04EC0-301F-11D3-BF4B-00C04F79EFBC}") = "NotesApp.Application", "src\NotesApp.Application\NotesApp.Application.csproj", "{634FA642-6E54-4CF9-AE97-2E1329AFCFFC}"
EndProject
Project("{FAE04EC0-301F-11D3-BF4B-00C04F79EFBC}") = "NotesApp.Blazor", "src\NotesApp.Blazor\NotesApp.Blazor.csproj", "{8C5F8476-5891-48A2-8BA2-24CE87B0C86C}"
EndProject
Project("{FAE04EC0-301F-11D3-BF4B-00C04F79EFBC}") = "NotesApp.Persistence", "src\NotesApp.Persistence\NotesApp.Persistence.csproj", "{C4183474-8D84-45D2-B0E9-2EAD99C4864D}"
EndProject
Project("{2150E333-8FDC-42A3-9474-1A3956D46DE8}") = "tests", "tests", "{6480FAC6-CA70-4041-B1CD-F6E19E958DFC}"
EndProject
Project("{FAE04EC0-301F-11D3-BF4B-00C04F79EFBC}") = "NotesApp.Application.Tests", "tests\NotesApp.Application.Tests\NotesApp.Application.Tests.csproj", "{4EA05EFC-9DCB-4509-85C1-B5B4B259A0D5}"
EndProject
Project("{FAE04EC0-301F-11D3-BF4B-00C04F79EFBC}") = "NotesApp.Persistence.Tests", "tests\NotesApp.Persistence.Tests\NotesApp.Persistence.Tests.csproj", "{DFF9BCCD-1971-4B99-91D9-FC3BD75209F7}"
EndProject
Project("{FAE04EC0-301F-11D3-BF4B-00C04F79EFBC}") = "NotesApp.Blazor.Tests", "tests\NotesApp.Blazor.Tests\NotesApp.Blazor.Tests.csproj", "{257EC21D-654D-4FF3-89A4-0B38CF2CA9AE}"
EndProject
Global
	GlobalSection(SolutionConfigurationPlatforms) = preSolution
		Debug|Any CPU = Debug|Any CPU
		Release|Any CPU = Release|Any CPU
	EndGlobalSection
	GlobalSection(NestedProjects) = preSolution
		{634FA642-6E54-4CF9-AE97-2E1329AFCFFC} = {0433A210-73D2-48FA-A7DA-EFD3C816BE38}
		{8C5F8476-5891-48A2-8BA2-24CE87B0C86C} = {0433A210-73D2-48FA-A7DA-EFD3C816BE38}
		{C4183474-8D84-45D2-B0E9-2EAD99C4864D} = {0433A210-73D2-48FA-A7DA-EFD3C816BE38}
		{4EA05EFC-9DCB-4509-85C1-B5B4B259A0D5} = {6480FAC6-CA70-4041-B1CD-F6E19E958DFC}
		{DFF9BCCD-1971-4B99-91D9-FC3BD75209F7} = {6480FAC6-CA70-4041-B1CD-F6E19E958DFC}
		{257EC21D-654D-4FF3-89A4-0B38CF2CA9AE} = {6480FAC6-CA70-4041-B1CD-F6E19E958DFC}
	EndGlobalSection
	GlobalSection(ProjectConfigurationPlatforms) = postSolution
		{634FA642-6E54-4CF9-AE97-2E1329AFCFFC}.Debug|Any CPU.ActiveCfg = Debug|Any CPU
		{634FA642-6E54-4CF9-AE97-2E1329AFCFFC}.Debug|Any CPU.Build.0 = Debug|Any CPU
		{634FA642-6E54-4CF9-AE97-2E1329AFCFFC}.Release|Any CPU.ActiveCfg = Release|Any CPU
		{634FA642-6E54-4CF9-AE97-2E1329AFCFFC}.Release|Any CPU.Build.0 = Release|Any CPU
		{8C5F8476-5891-48A2-8BA2-24CE87B0C86C}.Debug|Any CPU.ActiveCfg = Debug|Any CPU
		{8C5F8476-5891-48A2-8BA2-24CE87B0C86C}.Debug|Any CPU.Build.0 = Debug|Any CPU
		{8C5F8476-5891-48A2-8BA2-24CE87B0C86C}.Release|Any CPU.ActiveCfg = Release|Any CPU
		{8C5F8476-5891-48A2-8BA2-24CE87B0C86C}.Release|Any CPU.Build.0 = Release|Any CPU
		{C4183474-8D84-45D2-B0E9-2EAD99C4864D}.Debug|Any CPU.ActiveCfg = Debug|Any CPU
		{C4183474-8D84-45D2-B0E9-2EAD99C4864D}.Debug|Any CPU.Build.0 = Debug|Any CPU
		{C4183474-8D84-45D2-B0E9-2EAD99C4864D}.Release|Any CPU.ActiveCfg = Release|Any CPU
		{C4183474-8D84-45D2-B0E9-2EAD99C4864D}.Release|Any CPU.Build.0 = Release|Any CPU
		{4EA05EFC-9DCB-4509-85C1-B5B4B259A0D5}.Debug|Any CPU.ActiveCfg = Debug|Any CPU
		{4EA05EFC-9DCB-4509-85C1-B5B4B259A0D5}.Debug|Any CPU.Build.0 = Debug|Any CPU
		{4EA05EFC-9DCB-4509-85C1-B5B4B259A0D5}.Release|Any CPU.ActiveCfg = Release|Any CPU
		{4EA05EFC-9DCB-4509-85C1-B5B4B259A0D5}.Release|Any CPU.Build.0 = Release|Any CPU
		{DFF9BCCD-1971-4B99-91D9-FC3BD75209F7}.Debug|Any CPU.ActiveCfg = Debug|Any CPU
		{DFF9BCCD-1971-4B99-91D9-FC3BD75209F7}.Debug|Any CPU.Build.0 = Debug|Any CPU
		{DFF9BCCD-1971-4B99-91D9-FC3BD75209F7}.Release|Any CPU.ActiveCfg = Release|Any CPU
		{DFF9BCCD-1971-4B99-91D9-FC3BD75209F7}.Release|Any CPU.Build.0 = Release|Any CPU
		{257EC21D-654D-4FF3-89A4-0B38CF2CA9AE}.Debug|Any CPU.ActiveCfg = Debug|Any CPU
		{257EC21D-654D-4FF3-89A4-0B38CF2CA9AE}.Debug|Any CPU.Build.0 = Debug|Any CPU
		{257EC21D-654D-4FF3-89A4-0B38CF2CA9AE}.Release|Any CPU.ActiveCfg = Release|Any CPU
		{257EC21D-654D-4FF3-89A4-0B38CF2CA9AE}.Release|Any CPU.Build.0 = Release|Any CPU
	EndGlobalSection
EndGlobal
